# generated by rye
# use `rye lock` or `rye sync` to update this lockfile
#
# last locked with the following flags:
#   pre: false
#   features: []
#   all-features: false
#   with-sources: false

--trusted-host pypi.python.org
--trusted-host pypi.org
--trusted-host files.pythonhosted.org
greenlet==3.0.3
msgpack==1.0.7
pynvim==0.5.0
